Microsoft Visual Studio Solution File, Format Version 12.00
# Visual Studio Version 17
VisualStudioVersion = 17.8.34330.188
MinimumVisualStudioVersion = 10.0.40219.1
Project("{FAE04EC0-301F-11D3-BF4B-00C04F79EFBC}") = "file-converter-prog2900", "file-converter-prog2900.csproj", "{140AD962-0184-4194-AD51-A93608B07E39}"
EndProject
Global
	GlobalSection(SolutionConfigurationPlatforms) = preSolution
		Debug|Any CPU = Debug|Any CPU
		Release|Any CPU = Release|Any CPU
	EndGlobalSection
	GlobalSection(ProjectConfigurationPlatforms) = postSolution
		{140AD962-0184-4194-AD51-A93608B07E39}.Debug|Any CPU.ActiveCfg = Debug|Any CPU
		{140AD962-0184-4194-AD51-A93608B07E39}.Debug|Any CPU.Build.0 = Debug|Any CPU
		{140AD962-0184-4194-AD51-A93608B07E39}.Release|Any CPU.ActiveCfg = Release|Any CPU
		{140AD962-0184-4194-AD51-A93608B07E39}.Release|Any CPU.Build.0 = Release|Any CPU
	EndGlobalSection
	GlobalSection(SolutionProperties) = preSolution
		HideSolutionNode = FALSE
	EndGlobalSection
	GlobalSection(ExtensibilityGlobals) = postSolution
		SolutionGuid = {56BAD38F-670B-4B05-9DF9-09689C0B6764}
	EndGlobalSection
EndGlobal
