
Microsoft Visual Studio Solution File, Format Version 12.00
# Visual Studio Version 17
VisualStudioVersion = 17.9.34607.119
MinimumVisualStudioVersion = 10.0.40219.1
Project("{FAE04EC0-301F-11D3-BF4B-00C04F79EFBC}") = "ChangeConverterSettings", "ChangeConverterSettings\ChangeConverterSettings.csproj", "{63786FD5-721A-423B-B76B-9F2F687EC511}"
EndProject
Global
	GlobalSection(SolutionConfigurationPlatforms) = preSolution
		Debug|Any CPU = Debug|Any CPU
		Release|Any CPU = Release|Any CPU
	EndGlobalSection
	GlobalSection(ProjectConfigurationPlatforms) = postSolution
		{63786FD5-721A-423B-B76B-9F2F687EC511}.Debug|Any CPU.ActiveCfg = Debug|Any CPU
		{63786FD5-721A-423B-B76B-9F2F687EC511}.Debug|Any CPU.Build.0 = Debug|Any CPU
		{63786FD5-721A-423B-B76B-9F2F687EC511}.Release|Any CPU.ActiveCfg = Release|Any CPU
		{63786FD5-721A-423B-B76B-9F2F687EC511}.Release|Any CPU.Build.0 = Release|Any CPU
	EndGlobalSection
	GlobalSection(SolutionProperties) = preSolution
		HideSolutionNode = FALSE
	EndGlobalSection
	GlobalSection(ExtensibilityGlobals) = postSolution
		SolutionGuid = {E8AE9202-B23D-4FF7-B099-CB7C2A0063F4}
	EndGlobalSection
EndGlobal
